// !$*UTF8*$!
{
	archiveVersion = 1;
	classes = {
	};
	objectVersion = 46;
	objects = {

/* Begin PBXBuildFile section */
		610D53B91D7D526300B77451 /* AppDelegate.swift in Sources */ = {isa = PBXBuildFile; fileRef = 610D53B81D7D526300B77451 /* AppDelegate.swift */; };
		610D53BB1D7D526300B77451 /* ViewController.swift in Sources */ = {isa = PBXBuildFile; fileRef = 610D53BA1D7D526300B77451 /* ViewController.swift */; };
		610D53BE1D7D526300B77451 /* Main.storyboard in Resources */ = {isa = PBXBuildFile; fileRef = 610D53BC1D7D526300B77451 /* Main.storyboard */; };
		610D53C01D7D526300B77451 /* Assets.xcassets in Resources */ = {isa = PBXBuildFile; fileRef = 610D53BF1D7D526300B77451 /* Assets.xcassets */; };
		610D53C31D7D526300B77451 /* LaunchScreen.storyboard in Resources */ = {isa = PBXBuildFile; fileRef = 610D53C11D7D526300B77451 /* LaunchScreen.storyboard */; };
		610D53CE1D7D526300B77451 /* CustomDatePickerDemoTests.swift in Sources */ = {isa = PBXBuildFile; fileRef = 610D53CD1D7D526300B77451 /* CustomDatePickerDemoTests.swift */; };
		610D53D91D7D526300B77451 /* CustomDatePickerDemoUITests.swift in Sources */ = {isa = PBXBuildFile; fileRef = 610D53D81D7D526300B77451 /* CustomDatePickerDemoUITests.swift */; };
		610D53EC1D7D53AC00B77451 /* DLDatePickerView.swift in Sources */ = {isa = PBXBuildFile; fileRef = 610D53EB1D7D53AC00B77451 /* DLDatePickerView.swift */; };
/* End PBXBuildFile section */

/* Begin PBXContainerItemProxy section */
		610D53CA1D7D526300B77451 /* PBXContainerItemProxy */ = {
			isa = PBXContainerItemProxy;
			containerPortal = 610D53AD1D7D526200B77451 /* Project object */;
			proxyType = 1;
			remoteGlobalIDString = 610D53B41D7D526200B77451;
			remoteInfo = CustomDatePickerDemo;
		};
		610D53D51D7D526300B77451 /* PBXContainerItemProxy */ = {
			isa = PBXContainerItemProxy;
			containerPortal = 610D53AD1D7D526200B77451 /* Project object */;
			proxyType = 1;
			remoteGlobalIDString = 610D53B41D7D526200B77451;
			remoteInfo = CustomDatePickerDemo;
		};
/* End PBXContainerItemProxy section */

/* Begin PBXFileReference section */
		610D53B51D7D526200B77451 /* CustomDatePickerDemo.app */ = {isa = PBXFileReference; explicitFileType = wrapper.application; includeInIndex = 0; path = CustomDatePickerDemo.app; sourceTree = BUILT_PRODUCTS_DIR; };
		610D53B81D7D526300B77451 /* AppDelegate.swift */ = {isa = PBXFileReference; lastKnownFileType = sourcecode.swift; path = AppDelegate.swift; sourceTree = "<group>"; };
		610D53BA1D7D526300B77451 /* ViewController.swift */ = {isa = PBXFileReference; lastKnownFileType = sourcecode.swift; path = ViewController.swift; sourceTree = "<group>"; };
		610D53BD1D7D526300B77451 /* Base */ = {isa = PBXFileReference; lastKnownFileType = file.storyboard; name = Base; path = Base.lproj/Main.storyboard; sourceTree = "<group>"; };
		610D53BF1D7D526300B77451 /* Assets.xcassets */ = {isa = PBXFileReference; lastKnownFileType = folder.assetcatalog; path = Assets.xcassets; sourceTree = "<group>"; };
		610D53C21D7D526300B77451 /* Base */ = {isa = PBXFileReference; lastKnownFileType = file.storyboard; name = Base; path = Base.lproj/LaunchScreen.storyboard; sourceTree = "<group>"; };
		610D53C41D7D526300B77451 /* Info.plist */ = {isa = PBXFileReference; lastKnownFileType = text.plist.xml; path = Info.plist; sourceTree = "<group>"; };
		610D53C91D7D526300B77451 /* CustomDatePickerDemoTests.xctest */ = {isa = PBXFileReference; explicitFileType = wrapper.cfbundle; includeInIndex = 0; path = CustomDatePickerDemoTests.xctest; sourceTree = BUILT_PRODUCTS_DIR; };
		610D53CD1D7D526300B77451 /* CustomDatePickerDemoTests.swift */ = {isa = PBXFileReference; lastKnownFileType = sourcecode.swift; path = CustomDatePickerDemoTests.swift; sourceTree = "<group>"; };
		610D53CF1D7D526300B77451 /* Info.plist */ = {isa = PBXFileReference; lastKnownFileType = text.plist.xml; path = Info.plist; sourceTree = "<group>"; };
		610D53D41D7D526300B77451 /* CustomDatePickerDemoUITests.xctest */ = {isa = PBXFileReference; explicitFileType = wrapper.cfbundle; includeInIndex = 0; path = CustomDatePickerDemoUITests.xctest; sourceTree = BUILT_PRODUCTS_DIR; };
		610D53D81D7D526300B77451 /* CustomDatePickerDemoUITests.swift */ = {isa = PBXFileReference; lastKnownFileType = sourcecode.swift; path = CustomDatePickerDemoUITests.swift; sourceTree = "<group>"; };
		610D53DA1D7D526300B77451 /* Info.plist */ = {isa = PBXFileReference; lastKnownFileType = text.plist.xml; path = Info.plist; sourceTree = "<group>"; };
		610D53EB1D7D53AC00B77451 /* DLDatePickerView.swift */ = {isa = PBXFileReference; fileEncoding = 4; lastKnownFileType = sourcecode.swift; path = DLDatePickerView.swift; sourceTree = "<group>"; };
/* End PBXFileReference section */

/* Begin PBXFrameworksBuildPhase section */
		610D53B21D7D526200B77451 /* Frameworks */ = {
			isa = PBXFrameworksBuildPhase;
			buildActionMask = 2147483647;
			files = (
			);
			runOnlyForDeploymentPostprocessing = 0;
		};
		610D53C61D7D526300B77451 /* Frameworks */ = {
			isa = PBXFrameworksBuildPhase;
			buildActionMask = 2147483647;
			files = (
			);
			runOnlyForDeploymentPostprocessing = 0;
		};
		610D53D11D7D526300B77451 /* Frameworks */ = {
			isa = PBXFrameworksBuildPhase;
			buildActionMask = 2147483647;
			files = (
			);
			runOnlyForDeploymentPostprocessing = 0;
		};
/* End PBXFrameworksBuildPhase section */

/* Begin PBXGroup section */
		610D53AC1D7D526200B77451 = {
			isa = PBXGroup;
			children = (
				610D53B71D7D526300B77451 /* CustomDatePickerDemo */,
				610D53CC1D7D526300B77451 /* CustomDatePickerDemoTests */,
				610D53D71D7D526300B77451 /* CustomDatePickerDemoUITests */,
				610D53B61D7D526200B77451 /* Products */,
			);
			sourceTree = "<group>";
		};
		610D53B61D7D526200B77451 /* Products */ = {
			isa = PBXGroup;
			children = (
				610D53B51D7D526200B77451 /* CustomDatePickerDemo.app */,
				610D53C91D7D526300B77451 /* CustomDatePickerDemoTests.xctest */,
				610D53D41D7D526300B77451 /* CustomDatePickerDemoUITests.xctest */,
			);
			name = Products;
			sourceTree = "<group>";
		};
		610D53B71D7D526300B77451 /* CustomDatePickerDemo */ = {
			isa = PBXGroup;
			children = (
				610D53E61D7D529300B77451 /* DLDatePicker */,
				610D53B81D7D526300B77451 /* AppDelegate.swift */,
				610D53BA1D7D526300B77451 /* ViewController.swift */,
				610D53BC1D7D526300B77451 /* Main.storyboard */,
				610D53BF1D7D526300B77451 /* Assets.xcassets */,
				610D53C11D7D526300B77451 /* LaunchScreen.storyboard */,
				610D53C41D7D526300B77451 /* Info.plist */,
			);
			path = CustomDatePickerDemo;
			sourceTree = "<group>";
		};
		610D53CC1D7D526300B77451 /* CustomDatePickerDemoTests */ = {
			isa = PBXGroup;
			children = (
				610D53CD1D7D526300B77451 /* CustomDatePickerDemoTests.swift */,
				610D53CF1D7D526300B77451 /* Info.plist */,
			);
			path = CustomDatePickerDemoTests;
			sourceTree = "<group>";
		};
		610D53D71D7D526300B77451 /* CustomDatePickerDemoUITests */ = {
			isa = PBXGroup;
			children = (
				610D53D81D7D526300B77451 /* CustomDatePickerDemoUITests.swift */,
				610D53DA1D7D526300B77451 /* Info.plist */,
			);
			path = CustomDatePickerDemoUITests;
			sourceTree = "<group>";
		};
		610D53E61D7D529300B77451 /* DLDatePicker */ = {
			isa = PBXGroup;
			children = (
				610D53EB1D7D53AC00B77451 /* DLDatePickerView.swift */,
			);
			path = DLDatePicker;
			sourceTree = "<group>";
		};
/* End PBXGroup section */

/* Begin PBXNativeTarget section */
		610D53B41D7D526200B77451 /* CustomDatePickerDemo */ = {
			isa = PBXNativeTarget;
			buildConfigurationList = 610D53DD1D7D526300B77451 /* Build configuration list for PBXNativeTarget "CustomDatePickerDemo" */;
			buildPhases = (
				610D53B11D7D526200B77451 /* Sources */,
				610D53B21D7D526200B77451 /* Frameworks */,
				610D53B31D7D526200B77451 /* Resources */,
			);
			buildRules = (
			);
			dependencies = (
			);
			name = CustomDatePickerDemo;
			productName = CustomDatePickerDemo;
			productReference = 610D53B51D7D526200B77451 /* CustomDatePickerDemo.app */;
			productType = "com.apple.product-type.application";
		};
		610D53C81D7D526300B77451 /* CustomDatePickerDemoTests */ = {
			isa = PBXNativeTarget;
			buildConfigurationList = 610D53E01D7D526300B77451 /* Build configuration list for PBXNativeTarget "CustomDatePickerDemoTests" */;
			buildPhases = (
				610D53C51D7D526300B77451 /* Sources */,
				610D53C61D7D526300B77451 /* Frameworks */,
				610D53C71D7D526300B77451 /* Resources */,
			);
			buildRules = (
			);
			dependencies = (
				610D53CB1D7D526300B77451 /* PBXTargetDependency */,
			);
			name = CustomDatePickerDemoTests;
			productName = CustomDatePickerDemoTests;
			productReference = 610D53C91D7D526300B77451 /* CustomDatePickerDemoTests.xctest */;
			productType = "com.apple.product-type.bundle.unit-test";
		};
		610D53D31D7D526300B77451 /* CustomDatePickerDemoUITests */ = {
			isa = PBXNativeTarget;
			buildConfigurationList = 610D53E31D7D526300B77451 /* Build configuration list for PBXNativeTarget "CustomDatePickerDemoUITests" */;
			buildPhases = (
				610D53D01D7D526300B77451 /* Sources */,
				610D53D11D7D526300B77451 /* Frameworks */,
				610D53D21D7D526300B77451 /* Resources */,
			);
			buildRules = (
			);
			dependencies = (
				610D53D61D7D526300B77451 /* PBXTargetDependency */,
			);
			name = CustomDatePickerDemoUITests;
			productName = CustomDatePickerDemoUITests;
			productReference = 610D53D41D7D526300B77451 /* CustomDatePickerDemoUITests.xctest */;
			productType = "com.apple.product-type.bundle.ui-testing";
		};
/* End PBXNativeTarget section */

/* Begin PBXProject section */
		610D53AD1D7D526200B77451 /* Project object */ = {
			isa = PBXProject;
			attributes = {
				LastSwiftUpdateCheck = 0730;
				LastUpgradeCheck = 0730;
				ORGANIZATIONNAME = jaway;
				TargetAttributes = {
					610D53B41D7D526200B77451 = {
						CreatedOnToolsVersion = 7.3;
					};
					610D53C81D7D526300B77451 = {
						CreatedOnToolsVersion = 7.3;
						TestTargetID = 610D53B41D7D526200B77451;
					};
					610D53D31D7D526300B77451 = {
						CreatedOnToolsVersion = 7.3;
						TestTargetID = 610D53B41D7D526200B77451;
					};
				};
			};
			buildConfigurationList = 610D53B01D7D526200B77451 /* Build configuration list for PBXProject "CustomDatePickerDemo" */;
			compatibilityVersion = "Xcode 3.2";
			developmentRegion = English;
			hasScannedForEncodings = 0;
			knownRegions = (
				en,
				Base,
			);
			mainGroup = 610D53AC1D7D526200B77451;
			productRefGroup = 610D53B61D7D526200B77451 /* Products */;
			projectDirPath = "";
			projectRoot = "";
			targets = (
				610D53B41D7D526200B77451 /* CustomDatePickerDemo */,
				610D53C81D7D526300B77451 /* CustomDatePickerDemoTests */,
				610D53D31D7D526300B77451 /* CustomDatePickerDemoUITests */,
			);
		};
/* End PBXProject section */

/* Begin PBXResourcesBuildPhase section */
		610D53B31D7D526200B77451 /* Resources */ = {
			isa = PBXResourcesBuildPhase;
			buildActionMask = 2147483647;
			files = (
				610D53C31D7D526300B77451 /* LaunchScreen.storyboard in Resources */,
				610D53C01D7D526300B77451 /* Assets.xcassets in Resources */,
				610D53BE1D7D526300B77451 /* Main.storyboard in Resources */,
			);
			runOnlyForDeploymentPostprocessing = 0;
		};
		610D53C71D7D526300B77451 /* Resources */ = {
			isa = PBXResourcesBuildPhase;
			buildActionMask = 2147483647;
			files = (
			);
			runOnlyForDeploymentPostprocessing = 0;
		};
		610D53D21D7D526300B77451 /* Resources */ = {
			isa = PBXResourcesBuildPhase;
			buildActionMask = 2147483647;
			files = (
			);
			runOnlyForDeploymentPostprocessing = 0;
		};
/* End PBXResourcesBuildPhase section */

/* Begin PBXSourcesBuildPhase section */
		610D53B11D7D526200B77451 /* Sources */ = {
			isa = PBXSourcesBuildPhase;
			buildActionMask = 2147483647;
			files = (
				610D53BB1D7D526300B77451 /* ViewController.swift in Sources */,
				610D53B91D7D526300B77451 /* AppDelegate.swift in Sources */,
				610D53EC1D7D53AC00B77451 /* DLDatePickerView.swift in Sources */,
			);
			runOnlyForDeploymentPostprocessing = 0;
		};
		610D53C51D7D526300B77451 /* Sources */ = {
			isa = PBXSourcesBuildPhase;
			buildActionMask = 2147483647;
			files = (
				610D53CE1D7D526300B77451 /* CustomDatePickerDemoTests.swift in Sources */,
			);
			runOnlyForDeploymentPostprocessing = 0;
		};
		610D53D01D7D526300B77451 /* Sources */ = {
			isa = PBXSourcesBuildPhase;
			buildActionMask = 2147483647;
			files = (
				610D53D91D7D526300B77451 /* CustomDatePickerDemoUITests.swift in Sources */,
			);
			runOnlyForDeploymentPostprocessing = 0;
		};
/* End PBXSourcesBuildPhase section */

/* Begin PBXTargetDependency section */
		610D53CB1D7D526300B77451 /* PBXTargetDependency */ = {
			isa = PBXTargetDependency;
			target = 610D53B41D7D526200B77451 /* CustomDatePickerDemo */;
			targetProxy = 610D53CA1D7D526300B77451 /* PBXContainerItemProxy */;
		};
		610D53D61D7D526300B77451 /* PBXTargetDependency */ = {
			isa = PBXTargetDependency;
			target = 610D53B41D7D526200B77451 /* CustomDatePickerDemo */;
			targetProxy = 610D53D51D7D526300B77451 /* PBXContainerItemProxy */;
		};
/* End PBXTargetDependency section */

/* Begin PBXVariantGroup section */
		610D53BC1D7D526300B77451 /* Main.storyboard */ = {
			isa = PBXVariantGroup;
			children = (
				610D53BD1D7D526300B77451 /* Base */,
			);
			name = Main.storyboard;
			sourceTree = "<group>";
		};
		610D53C11D7D526300B77451 /* LaunchScreen.storyboard */ = {
			isa = PBXVariantGroup;
			children = (
				610D53C21D7D526300B77451 /* Base */,
			);
			name = LaunchScreen.storyboard;
			sourceTree = "<group>";
		};
/* End PBXVariantGroup section */

/* Begin XCBuildConfiguration section */
		610D53DB1D7D526300B77451 /* Debug */ = {
			isa = XCBuildConfiguration;
			buildSettings = {
				ALWAYS_SEARCH_USER_PATHS = NO;
				CLANG_ANALYZER_NONNULL = YES;
				CLANG_CXX_LANGUAGE_STANDARD = "gnu++0x";
				CLANG_CXX_LIBRARY = "libc++";
				CLANG_ENABLE_MODULES = YES;
				CLANG_ENABLE_OBJC_ARC = YES;
				CLANG_WARN_BOOL_CONVERSION = YES;
				CLANG_WARN_CONSTANT_CONVERSION = YES;
				CLANG_WARN_DIRECT_OBJC_ISA_USAGE = YES_ERROR;
				CLANG_WARN_EMPTY_BODY = YES;
				CLANG_WARN_ENUM_CONVERSION = YES;
				CLANG_WARN_INT_CONVERSION = YES;
				CLANG_WARN_OBJC_ROOT_CLASS = YES_ERROR;
				CLANG_WARN_UNREACHABLE_CODE = YES;
				CLANG_WARN__DUPLICATE_METHOD_MATCH = YES;
				"CODE_SIGN_IDENTITY[sdk=iphoneos*]" = "iPhone Developer";
				COPY_PHASE_STRIP = NO;
				DEBUG_INFORMATION_FORMAT = dwarf;
				ENABLE_STRICT_OBJC_MSGSEND = YES;
				ENABLE_TESTABILITY = YES;
				GCC_C_LANGUAGE_STANDARD = gnu99;
				GCC_DYNAMIC_NO_PIC = NO;
				GCC_NO_COMMON_BLOCKS = YES;
				GCC_OPTIMIZATION_LEVEL = 0;
				GCC_PREPROCESSOR_DEFINITIONS = (
					"DEBUG=1",
					"$(inherited)",
				);
				GCC_WARN_64_TO_32_BIT_CONVERSION = YES;
				GCC_WARN_ABOUT_RETURN_TYPE = YES_ERROR;
				GCC_WARN_UNDECLARED_SELECTOR = YES;
				GCC_WARN_UNINITIALIZED_AUTOS = YES_AGGRESSIVE;
				GCC_WARN_UNUSED_FUNCTION = YES;
				GCC_WARN_UNUSED_VARIABLE = YES;
				IPHONEOS_DEPLOYMENT_TARGET = 9.3;
				MTL_ENABLE_DEBUG_INFO = YES;
				ONLY_ACTIVE_ARCH = YES;
				SDKROOT = iphoneos;
				SWIFT_OPTIMIZATION_LEVEL = "-Onone";
				TARGETED_DEVICE_FAMILY = "1,2";
			};
			name = Debug;
		};
		610D53DC1D7D526300B77451 /* Release */ = {
			isa = XCBuildConfiguration;
			buildSettings = {
				ALWAYS_SEARCH_USER_PATHS = NO;
				CLANG_ANALYZER_NONNULL = YES;
				CLANG_CXX_LANGUAGE_STANDARD = "gnu++0x";
				CLANG_CXX_LIBRARY = "libc++";
				CLANG_ENABLE_MODULES = YES;
				CLANG_ENABLE_OBJC_ARC = YES;
				CLANG_WARN_BOOL_CONVERSION = YES;
				CLANG_WARN_CONSTANT_CONVERSION = YES;
				CLANG_WARN_DIRECT_OBJC_ISA_USAGE = YES_ERROR;
				CLANG_WARN_EMPTY_BODY = YES;
				CLANG_WARN_ENUM_CONVERSION = YES;
				CLANG_WARN_INT_CONVERSION = YES;
				CLANG_WARN_OBJC_ROOT_CLASS = YES_ERROR;
				CLANG_WARN_UNREACHABLE_CODE = YES;
				CLANG_WARN__DUPLICATE_METHOD_MATCH = YES;
				"CODE_SIGN_IDENTITY[sdk=iphoneos*]" = "iPhone Developer";
				COPY_PHASE_STRIP = NO;
				DEBUG_INFORMATION_FORMAT = "dwarf-with-dsym";
				ENABLE_NS_ASSERTIONS = NO;
				ENABLE_STRICT_OBJC_MSGSEND = YES;
				GCC_C_LANGUAGE_STANDARD = gnu99;
				GCC_NO_COMMON_BLOCKS = YES;
				GCC_WARN_64_TO_32_BIT_CONVERSION = YES;
				GCC_WARN_ABOUT_RETURN_TYPE = YES_ERROR;
				GCC_WARN_UNDECLARED_SELECTOR = YES;
				GCC_WARN_UNINITIALIZED_AUTOS = YES_AGGRESSIVE;
				GCC_WARN_UNUSED_FUNCTION = YES;
				GCC_WARN_UNUSED_VARIABLE = YES;
				IPHONEOS_DEPLOYMENT_TARGET = 9.3;
				MTL_ENABLE_DEBUG_INFO = NO;
				SDKROOT = iphoneos;
				TARGETED_DEVICE_FAMILY = "1,2";
				VALIDATE_PRODUCT = YES;
			};
			name = Release;
		};
		610D53DE1D7D526300B77451 /* Debug */ = {
			isa = XCBuildConfiguration;
			buildSettings = {
				ASSETCATALOG_COMPILER_APPICON_NAME = AppIcon;
				INFOPLIST_FILE = CustomDatePickerDemo/Info.plist;
				LD_RUNPATH_SEARCH_PATHS = "$(inherited) @executable_path/Frameworks";
				PRODUCT_BUNDLE_IDENTIFIER = com.jaway.CustomDatePickerDemo;
				PRODUCT_NAME = "$(TARGET_NAME)";
				TARGETED_DEVICE_FAMILY = "1,2";
			};
			name = Debug;
		};
		610D53DF1D7D526300B77451 /* Release */ = {
			isa = XCBuildConfiguration;
			buildSettings = {
				ASSETCATALOG_COMPILER_APPICON_NAME = AppIcon;
				INFOPLIST_FILE = CustomDatePickerDemo/Info.plist;
				LD_RUNPATH_SEARCH_PATHS = "$(inherited) @executable_path/Frameworks";
				PRODUCT_BUNDLE_IDENTIFIER = com.jaway.CustomDatePickerDemo;
				PRODUCT_NAME = "$(TARGET_NAME)";
				TARGETED_DEVICE_FAMILY = "1,2";
			};
			name = Release;
		};
		610D53E11D7D526300B77451 /* Debug */ = {
			isa = XCBuildConfiguration;
			buildSettings = {
				BUNDLE_LOADER = "$(TEST_HOST)";
				INFOPLIST_FILE = CustomDatePickerDemoTests/Info.plist;
				LD_RUNPATH_SEARCH_PATHS = "$(inherited) @executable_path/Frameworks @loader_path/Frameworks";
				PRODUCT_BUNDLE_IDENTIFIER = com.jaway.CustomDatePickerDemoTests;
				PRODUCT_NAME = "$(TARGET_NAME)";
				TEST_HOST = "$(BUILT_PRODUCTS_DIR)/CustomDatePickerDemo.app/CustomDatePickerDemo";
			};
			name = Debug;
		};
		610D53E21D7D526300B77451 /* Release */ = {
			isa = XCBuildConfiguration;
			buildSettings = {
				BUNDLE_LOADER = "$(TEST_HOST)";
				INFOPLIST_FILE = CustomDatePickerDemoTests/Info.plist;
				LD_RUNPATH_SEARCH_PATHS = "$(inherited) @executable_path/Frameworks @loader_path/Frameworks";
				PRODUCT_BUNDLE_IDENTIFIER = com.jaway.CustomDatePickerDemoTests;
				PRODUCT_NAME = "$(TARGET_NAME)";
				TEST_HOST = "$(BUILT_PRODUCTS_DIR)/CustomDatePickerDemo.app/CustomDatePickerDemo";
			};
			name = Release;
		};
		610D53E41D7D526300B77451 /* Debug */ = {
			isa = XCBuildConfiguration;
			buildSettings = {
				INFOPLIST_FILE = CustomDatePickerDemoUITests/Info.plist;
				LD_RUNPATH_SEARCH_PATHS = "$(inherited) @executable_path/Frameworks @loader_path/Frameworks";
				PRODUCT_BUNDLE_IDENTIFIER = com.jaway.CustomDatePickerDemoUITests;
				PRODUCT_NAME = "$(TARGET_NAME)";
				TEST_TARGET_NAME = CustomDatePickerDemo;
			};
			name = Debug;
		};
		610D53E51D7D526300B77451 /* Release */ = {
			isa = XCBuildConfiguration;
			buildSettings = {
				INFOPLIST_FILE = CustomDatePickerDemoUITests/Info.plist;
				LD_RUNPATH_SEARCH_PATHS = "$(inherited) @executable_path/Frameworks @loader_path/Frameworks";
				PRODUCT_BUNDLE_IDENTIFIER = com.jaway.CustomDatePickerDemoUITests;
				PRODUCT_NAME = "$(TARGET_NAME)";
				TEST_TARGET_NAME = CustomDatePickerDemo;
			};
			name = Release;
		};
/* End XCBuildConfiguration section */

/* Begin XCConfigurationList section */
		610D53B01D7D526200B77451 /* Build configuration list for PBXProject "CustomDatePickerDemo" */ = {
			isa = XCConfigurationList;
			buildConfigurations = (
				610D53DB1D7D526300B77451 /* Debug */,
				610D53DC1D7D526300B77451 /* Release */,
			);
			defaultConfigurationIsVisible = 0;
			defaultConfigurationName = Release;
		};
		610D53DD1D7D526300B77451 /* Build configuration list for PBXNativeTarget "CustomDatePickerDemo" */ = {
			isa = XCConfigurationList;
			buildConfigurations = (
				610D53DE1D7D526300B77451 /* Debug */,
				610D53DF1D7D526300B77451 /* Release */,
			);
			defaultConfigurationIsVisible = 0;
		};
		610D53E01D7D526300B77451 /* Build configuration list for PBXNativeTarget "CustomDatePickerDemoTests" */ = {
			isa = XCConfigurationList;
			buildConfigurations = (
				610D53E11D7D526300B77451 /* Debug */,
				610D53E21D7D526300B77451 /* Release */,
			);
			defaultConfigurationIsVisible = 0;
		};
		610D53E31D7D526300B77451 /* Build configuration list for PBXNativeTarget "CustomDatePickerDemoUITests" */ = {
			isa = XCConfigurationList;
			buildConfigurations = (
				610D53E41D7D526300B77451 /* Debug */,
				610D53E51D7D526300B77451 /* Release */,
			);
			defaultConfigurationIsVisible = 0;
		};
/* End XCConfigurationList section */
	};
	rootObject = 610D53AD1D7D526200B77451 /* Project object */;
}
